
Microsoft Visual Studio Solution File, Format Version 12.00
# Visual Studio 15
VisualStudioVersion = 15.0.27428.1
MinimumVisualStudioVersion = 10.0.40219.1
Project("{FAE04EC0-301F-11D3-BF4B-00C04F79EFBC}") = "PromotionEngineUnitTest", "PromotionEngineUnitTest\PromotionEngineUnitTest.csproj", "{A464E85D-5615-450D-9EC7-956E58CD985C}"
EndProject
Project("{FAE04EC0-301F-11D3-BF4B-00C04F79EFBC}") = "PromotionEngine", "PromotionEngine\PromotionEngine.csproj", "{E1921CC7-36D3-4046-ADE4-8B555466E2A1}"
EndProject
Global
	GlobalSection(SolutionConfigurationPlatforms) = preSolution
		Debug|Any CPU = Debug|Any CPU
		Release|Any CPU = Release|Any CPU
	EndGlobalSection
	GlobalSection(ProjectConfigurationPlatforms) = postSolution
		{A464E85D-5615-450D-9EC7-956E58CD985C}.Debug|Any CPU.ActiveCfg = Debug|Any CPU
		{A464E85D-5615-450D-9EC7-956E58CD985C}.Debug|Any CPU.Build.0 = Debug|Any CPU
		{A464E85D-5615-450D-9EC7-956E58CD985C}.Release|Any CPU.ActiveCfg = Release|Any CPU
		{A464E85D-5615-450D-9EC7-956E58CD985C}.Release|Any CPU.Build.0 = Release|Any CPU
		{E1921CC7-36D3-4046-ADE4-8B555466E2A1}.Debug|Any CPU.ActiveCfg = Debug|Any CPU
		{E1921CC7-36D3-4046-ADE4-8B555466E2A1}.Debug|Any CPU.Build.0 = Debug|Any CPU
		{E1921CC7-36D3-4046-ADE4-8B555466E2A1}.Release|Any CPU.ActiveCfg = Release|Any CPU
		{E1921CC7-36D3-4046-ADE4-8B555466E2A1}.Release|Any CPU.Build.0 = Release|Any CPU
	EndGlobalSection
	GlobalSection(SolutionProperties) = preSolution
		HideSolutionNode = FALSE
	EndGlobalSection
	GlobalSection(ExtensibilityGlobals) = postSolution
		SolutionGuid = {D987C0BF-DC85-4945-8C3C-E9B6B928D90F}
	EndGlobalSection
EndGlobal
